
Microsoft Visual Studio Solution File, Format Version 12.00
# Visual Studio Version 17
VisualStudioVersion = 17.4.33205.214
MinimumVisualStudioVersion = 10.0.40219.1
Project("{2150E333-8FDC-42A3-9474-1A3956D46DE8}") = "Solution Items", "Solution Items", "{D8E0655B-87C5-4F20-8A73-EB8B1A7B7866}"
	ProjectSection(SolutionItems) = preProject
		.env = .env
		global.json = global.json
	EndProjectSection
EndProject
Project("{2150E333-8FDC-42A3-9474-1A3956D46DE8}") = "src", "src", "{EB94A139-EC79-4EE3-AEB4-898D8D2764D1}"
EndProject
Project("{2150E333-8FDC-42A3-9474-1A3956D46DE8}") = "Services", "Services", "{0F8B360A-8A81-413A-87F9-A0E091293284}"
EndProject
Project("{2150E333-8FDC-42A3-9474-1A3956D46DE8}") = "ApiGateways", "ApiGateways", "{15CB584C-60F0-4045-A61F-56B41EC0A7EE}"
EndProject
Project("{2150E333-8FDC-42A3-9474-1A3956D46DE8}") = "BuildingBlocks", "BuildingBlocks", "{2EEB5209-3CBA-475D-98A8-CF67C5BCF792}"
EndProject
Project("{2150E333-8FDC-42A3-9474-1A3956D46DE8}") = "Web Apps", "Web Apps", "{CB5635F2-9183-422E-80F0-F5CE3B08E2C0}"
EndProject
Project("{2150E333-8FDC-42A3-9474-1A3956D46DE8}") = "CoreService", "CoreService", "{67023BAF-5072-41E0-AE09-AB43F3DDB9D4}"
EndProject
Project("{2150E333-8FDC-42A3-9474-1A3956D46DE8}") = "ReportService", "ReportService", "{FB6CE787-EB2E-4BE7-892E-30A219FA1363}"
EndProject
Project("{2150E333-8FDC-42A3-9474-1A3956D46DE8}") = "IdentityService", "IdentityService", "{26C967DC-29C7-487B-9584-CC5B42CEE607}"
EndProject
Project("{2150E333-8FDC-42A3-9474-1A3956D46DE8}") = "CatalogService", "CatalogService", "{F92E809A-67C7-494F-A901-9F684E9F2361}"
EndProject
Project("{9A19103F-16F7-4668-BE54-9A1E7A4F7556}") = "CoreService.API", "Services\CoreService\CoreService.API\CoreService.API.csproj", "{B936844B-EB20-4E24-9D59-E771A9D7223C}"
EndProject
Project("{9A19103F-16F7-4668-BE54-9A1E7A4F7556}") = "CatalogService.API", "Services\CatalogService\CatalogService.API\CatalogService.API.csproj", "{021BD795-9E9D-49D3-8B78-CFFFD9876357}"
EndProject
Project("{9A19103F-16F7-4668-BE54-9A1E7A4F7556}") = "ReportService.API", "Services\ReportService\ReportService.API\ReportService.API.csproj", "{60098E1E-19BE-4481-AE8F-E26B8F673DAA}"
EndProject
Project("{E53339B2-1760-4266-BCC7-CA923CBCF16C}") = "docker-compose", "docker-compose.dcproj", "{DFC8CD22-BFCF-436F-B39D-27D312C2CDAB}"
EndProject
Project("{2150E333-8FDC-42A3-9474-1A3956D46DE8}") = "OcelotApiGateway", "OcelotApiGateway", "{F2F0BD24-F202-40CA-85BB-53B7EB94B42A}"
EndProject
Project("{FAE04EC0-301F-11D3-BF4B-00C04F79EFBC}") = "OcelotApiGateway", "ApiGateways\OcelotApiGateway\OcelotApiGateway.csproj", "{1879D15B-02A6-4969-A786-6819628391CF}"
EndProject
Project("{2150E333-8FDC-42A3-9474-1A3956D46DE8}") = "Infrastructure", "Infrastructure", "{70F67355-C40B-4568-8DD5-26EA45732A2A}"
EndProject
Project("{FAE04EC0-301F-11D3-BF4B-00C04F79EFBC}") = "Infrastructure", "BuildingBlocks\Infrastructure\Infrastructure.csproj", "{7861E384-7067-4A6C-BA5A-4B0E25E69A1C}"
EndProject
Project("{2150E333-8FDC-42A3-9474-1A3956D46DE8}") = "Common.Logging", "Common.Logging", "{4EFDA2D8-EB6B-4193-9807-1EE8E949AAFE}"
EndProject
Project("{FAE04EC0-301F-11D3-BF4B-00C04F79EFBC}") = "Common.Logging", "BuildingBlocks\Common.Logging\Common.Logging.csproj", "{D8851829-FDED-4192-B979-8955B74868FE}"
EndProject
Project("{2150E333-8FDC-42A3-9474-1A3956D46DE8}") = "Contracts", "Contracts", "{D1A76A3E-B497-48F6-8D87-C7A88FBAE04F}"
EndProject
Project("{FAE04EC0-301F-11D3-BF4B-00C04F79EFBC}") = "Contracts", "BuildingBlocks\Contracts\Contracts.csproj", "{DF6F35CF-846F-45FF-99AD-21AECAE082CC}"
EndProject
Project("{2150E333-8FDC-42A3-9474-1A3956D46DE8}") = "Shared", "Shared", "{4E8D4105-A7CA-4A7F-BDD6-F59256A9441E}"
EndProject
Project("{FAE04EC0-301F-11D3-BF4B-00C04F79EFBC}") = "Shared", "BuildingBlocks\Shared\Shared.csproj", "{5EAD94F9-9683-46AD-9B16-007D877916EF}"
EndProject
Project("{2150E333-8FDC-42A3-9474-1A3956D46DE8}") = "DanhMucService", "DanhMucService", "{9787E257-863A-4445-87A9-C8A9019BA1C9}"
EndProject
Project("{FAE04EC0-301F-11D3-BF4B-00C04F79EFBC}") = "DanhMucService.API", "Services\DanhMucService\DanhMucService.API\DanhMucService.API.csproj", "{9CBA93AE-74E3-4856-883B-82F6C362ED45}"
EndProject
Project("{FAE04EC0-301F-11D3-BF4B-00C04F79EFBC}") = "DanhMucService.Application", "Services\DanhMucService\DanhMucService.Application\DanhMucService.Application.csproj", "{0FFED78B-905E-4322-9837-3F2F383A1670}"
EndProject
Project("{FAE04EC0-301F-11D3-BF4B-00C04F79EFBC}") = "DanhMucService.Domain", "Services\DanhMucService\DanhMucService.Domain\DanhMucService.Domain.csproj", "{5C452C44-7998-4A18-8C42-BA66F03103B2}"
EndProject
Project("{FAE04EC0-301F-11D3-BF4B-00C04F79EFBC}") = "DanhMucService.Infrastructure", "Services\DanhMucService\DanhMucService.Infrastructure\DanhMucService.Infrastructure.csproj", "{D88D3CF9-4F76-4047-90D0-DE0C7313DF50}"
EndProject
Project("{FAE04EC0-301F-11D3-BF4B-00C04F79EFBC}") = "IdentityService.API", "Services\IdentityService\IdentityService.API\IdentityService.API.csproj", "{E489D80F-DE1B-4DB4-AF7E-AF986DFA62E6}"
EndProject
Global
	GlobalSection(SolutionConfigurationPlatforms) = preSolution
		Debug|Any CPU = Debug|Any CPU
		Release|Any CPU = Release|Any CPU
	EndGlobalSection
	GlobalSection(ProjectConfigurationPlatforms) = postSolution
		{B936844B-EB20-4E24-9D59-E771A9D7223C}.Debug|Any CPU.ActiveCfg = Debug|Any CPU
		{B936844B-EB20-4E24-9D59-E771A9D7223C}.Debug|Any CPU.Build.0 = Debug|Any CPU
		{B936844B-EB20-4E24-9D59-E771A9D7223C}.Release|Any CPU.ActiveCfg = Release|Any CPU
		{B936844B-EB20-4E24-9D59-E771A9D7223C}.Release|Any CPU.Build.0 = Release|Any CPU
		{021BD795-9E9D-49D3-8B78-CFFFD9876357}.Debug|Any CPU.ActiveCfg = Debug|Any CPU
		{021BD795-9E9D-49D3-8B78-CFFFD9876357}.Debug|Any CPU.Build.0 = Debug|Any CPU
		{021BD795-9E9D-49D3-8B78-CFFFD9876357}.Release|Any CPU.ActiveCfg = Release|Any CPU
		{021BD795-9E9D-49D3-8B78-CFFFD9876357}.Release|Any CPU.Build.0 = Release|Any CPU
		{60098E1E-19BE-4481-AE8F-E26B8F673DAA}.Debug|Any CPU.ActiveCfg = Debug|Any CPU
		{60098E1E-19BE-4481-AE8F-E26B8F673DAA}.Debug|Any CPU.Build.0 = Debug|Any CPU
		{60098E1E-19BE-4481-AE8F-E26B8F673DAA}.Release|Any CPU.ActiveCfg = Release|Any CPU
		{60098E1E-19BE-4481-AE8F-E26B8F673DAA}.Release|Any CPU.Build.0 = Release|Any CPU
		{DFC8CD22-BFCF-436F-B39D-27D312C2CDAB}.Debug|Any CPU.ActiveCfg = Debug|Any CPU
		{DFC8CD22-BFCF-436F-B39D-27D312C2CDAB}.Debug|Any CPU.Build.0 = Debug|Any CPU
		{DFC8CD22-BFCF-436F-B39D-27D312C2CDAB}.Release|Any CPU.ActiveCfg = Release|Any CPU
		{DFC8CD22-BFCF-436F-B39D-27D312C2CDAB}.Release|Any CPU.Build.0 = Release|Any CPU
		{1879D15B-02A6-4969-A786-6819628391CF}.Debug|Any CPU.ActiveCfg = Debug|Any CPU
		{1879D15B-02A6-4969-A786-6819628391CF}.Debug|Any CPU.Build.0 = Debug|Any CPU
		{1879D15B-02A6-4969-A786-6819628391CF}.Release|Any CPU.ActiveCfg = Release|Any CPU
		{1879D15B-02A6-4969-A786-6819628391CF}.Release|Any CPU.Build.0 = Release|Any CPU
		{7861E384-7067-4A6C-BA5A-4B0E25E69A1C}.Debug|Any CPU.ActiveCfg = Debug|Any CPU
		{7861E384-7067-4A6C-BA5A-4B0E25E69A1C}.Debug|Any CPU.Build.0 = Debug|Any CPU
		{7861E384-7067-4A6C-BA5A-4B0E25E69A1C}.Release|Any CPU.ActiveCfg = Release|Any CPU
		{7861E384-7067-4A6C-BA5A-4B0E25E69A1C}.Release|Any CPU.Build.0 = Release|Any CPU
		{D8851829-FDED-4192-B979-8955B74868FE}.Debug|Any CPU.ActiveCfg = Debug|Any CPU
		{D8851829-FDED-4192-B979-8955B74868FE}.Debug|Any CPU.Build.0 = Debug|Any CPU
		{D8851829-FDED-4192-B979-8955B74868FE}.Release|Any CPU.ActiveCfg = Release|Any CPU
		{D8851829-FDED-4192-B979-8955B74868FE}.Release|Any CPU.Build.0 = Release|Any CPU
		{DF6F35CF-846F-45FF-99AD-21AECAE082CC}.Debug|Any CPU.ActiveCfg = Debug|Any CPU
		{DF6F35CF-846F-45FF-99AD-21AECAE082CC}.Debug|Any CPU.Build.0 = Debug|Any CPU
		{DF6F35CF-846F-45FF-99AD-21AECAE082CC}.Release|Any CPU.ActiveCfg = Release|Any CPU
		{DF6F35CF-846F-45FF-99AD-21AECAE082CC}.Release|Any CPU.Build.0 = Release|Any CPU
		{5EAD94F9-9683-46AD-9B16-007D877916EF}.Debug|Any CPU.ActiveCfg = Debug|Any CPU
		{5EAD94F9-9683-46AD-9B16-007D877916EF}.Debug|Any CPU.Build.0 = Debug|Any CPU
		{5EAD94F9-9683-46AD-9B16-007D877916EF}.Release|Any CPU.ActiveCfg = Release|Any CPU
		{5EAD94F9-9683-46AD-9B16-007D877916EF}.Release|Any CPU.Build.0 = Release|Any CPU
		{9CBA93AE-74E3-4856-883B-82F6C362ED45}.Debug|Any CPU.ActiveCfg = Debug|Any CPU
		{9CBA93AE-74E3-4856-883B-82F6C362ED45}.Debug|Any CPU.Build.0 = Debug|Any CPU
		{9CBA93AE-74E3-4856-883B-82F6C362ED45}.Release|Any CPU.ActiveCfg = Release|Any CPU
		{9CBA93AE-74E3-4856-883B-82F6C362ED45}.Release|Any CPU.Build.0 = Release|Any CPU
		{0FFED78B-905E-4322-9837-3F2F383A1670}.Debug|Any CPU.ActiveCfg = Debug|Any CPU
		{0FFED78B-905E-4322-9837-3F2F383A1670}.Debug|Any CPU.Build.0 = Debug|Any CPU
		{0FFED78B-905E-4322-9837-3F2F383A1670}.Release|Any CPU.ActiveCfg = Release|Any CPU
		{0FFED78B-905E-4322-9837-3F2F383A1670}.Release|Any CPU.Build.0 = Release|Any CPU
		{5C452C44-7998-4A18-8C42-BA66F03103B2}.Debug|Any CPU.ActiveCfg = Debug|Any CPU
		{5C452C44-7998-4A18-8C42-BA66F03103B2}.Debug|Any CPU.Build.0 = Debug|Any CPU
		{5C452C44-7998-4A18-8C42-BA66F03103B2}.Release|Any CPU.ActiveCfg = Release|Any CPU
		{5C452C44-7998-4A18-8C42-BA66F03103B2}.Release|Any CPU.Build.0 = Release|Any CPU
		{D88D3CF9-4F76-4047-90D0-DE0C7313DF50}.Debug|Any CPU.ActiveCfg = Debug|Any CPU
		{D88D3CF9-4F76-4047-90D0-DE0C7313DF50}.Debug|Any CPU.Build.0 = Debug|Any CPU
		{D88D3CF9-4F76-4047-90D0-DE0C7313DF50}.Release|Any CPU.ActiveCfg = Release|Any CPU
		{D88D3CF9-4F76-4047-90D0-DE0C7313DF50}.Release|Any CPU.Build.0 = Release|Any CPU
		{C8364CDC-6973-464B-9C3E-6740EA8AB15F}.Debug|Any CPU.ActiveCfg = Debug|Any CPU
		{C8364CDC-6973-464B-9C3E-6740EA8AB15F}.Debug|Any CPU.Build.0 = Debug|Any CPU
		{C8364CDC-6973-464B-9C3E-6740EA8AB15F}.Release|Any CPU.ActiveCfg = Release|Any CPU
		{C8364CDC-6973-464B-9C3E-6740EA8AB15F}.Release|Any CPU.Build.0 = Release|Any CPU
		{E489D80F-DE1B-4DB4-AF7E-AF986DFA62E6}.Debug|Any CPU.ActiveCfg = Debug|Any CPU
		{E489D80F-DE1B-4DB4-AF7E-AF986DFA62E6}.Debug|Any CPU.Build.0 = Debug|Any CPU
		{E489D80F-DE1B-4DB4-AF7E-AF986DFA62E6}.Release|Any CPU.ActiveCfg = Release|Any CPU
		{E489D80F-DE1B-4DB4-AF7E-AF986DFA62E6}.Release|Any CPU.Build.0 = Release|Any CPU
	EndGlobalSection
	GlobalSection(SolutionProperties) = preSolution
		HideSolutionNode = FALSE
	EndGlobalSection
	GlobalSection(NestedProjects) = preSolution
		{0F8B360A-8A81-413A-87F9-A0E091293284} = {EB94A139-EC79-4EE3-AEB4-898D8D2764D1}
		{15CB584C-60F0-4045-A61F-56B41EC0A7EE} = {EB94A139-EC79-4EE3-AEB4-898D8D2764D1}
		{2EEB5209-3CBA-475D-98A8-CF67C5BCF792} = {EB94A139-EC79-4EE3-AEB4-898D8D2764D1}
		{CB5635F2-9183-422E-80F0-F5CE3B08E2C0} = {EB94A139-EC79-4EE3-AEB4-898D8D2764D1}
		{67023BAF-5072-41E0-AE09-AB43F3DDB9D4} = {0F8B360A-8A81-413A-87F9-A0E091293284}
		{FB6CE787-EB2E-4BE7-892E-30A219FA1363} = {0F8B360A-8A81-413A-87F9-A0E091293284}
		{26C967DC-29C7-487B-9584-CC5B42CEE607} = {0F8B360A-8A81-413A-87F9-A0E091293284}
		{F92E809A-67C7-494F-A901-9F684E9F2361} = {0F8B360A-8A81-413A-87F9-A0E091293284}
		{B936844B-EB20-4E24-9D59-E771A9D7223C} = {67023BAF-5072-41E0-AE09-AB43F3DDB9D4}
		{021BD795-9E9D-49D3-8B78-CFFFD9876357} = {F92E809A-67C7-494F-A901-9F684E9F2361}
		{60098E1E-19BE-4481-AE8F-E26B8F673DAA} = {FB6CE787-EB2E-4BE7-892E-30A219FA1363}
		{F2F0BD24-F202-40CA-85BB-53B7EB94B42A} = {15CB584C-60F0-4045-A61F-56B41EC0A7EE}
		{1879D15B-02A6-4969-A786-6819628391CF} = {F2F0BD24-F202-40CA-85BB-53B7EB94B42A}
		{70F67355-C40B-4568-8DD5-26EA45732A2A} = {2EEB5209-3CBA-475D-98A8-CF67C5BCF792}
		{7861E384-7067-4A6C-BA5A-4B0E25E69A1C} = {70F67355-C40B-4568-8DD5-26EA45732A2A}
		{4EFDA2D8-EB6B-4193-9807-1EE8E949AAFE} = {2EEB5209-3CBA-475D-98A8-CF67C5BCF792}
		{D8851829-FDED-4192-B979-8955B74868FE} = {4EFDA2D8-EB6B-4193-9807-1EE8E949AAFE}
		{D1A76A3E-B497-48F6-8D87-C7A88FBAE04F} = {2EEB5209-3CBA-475D-98A8-CF67C5BCF792}
		{DF6F35CF-846F-45FF-99AD-21AECAE082CC} = {D1A76A3E-B497-48F6-8D87-C7A88FBAE04F}
		{4E8D4105-A7CA-4A7F-BDD6-F59256A9441E} = {2EEB5209-3CBA-475D-98A8-CF67C5BCF792}
		{5EAD94F9-9683-46AD-9B16-007D877916EF} = {4E8D4105-A7CA-4A7F-BDD6-F59256A9441E}
		{9787E257-863A-4445-87A9-C8A9019BA1C9} = {0F8B360A-8A81-413A-87F9-A0E091293284}
		{9CBA93AE-74E3-4856-883B-82F6C362ED45} = {9787E257-863A-4445-87A9-C8A9019BA1C9}
		{0FFED78B-905E-4322-9837-3F2F383A1670} = {9787E257-863A-4445-87A9-C8A9019BA1C9}
		{5C452C44-7998-4A18-8C42-BA66F03103B2} = {9787E257-863A-4445-87A9-C8A9019BA1C9}
		{D88D3CF9-4F76-4047-90D0-DE0C7313DF50} = {9787E257-863A-4445-87A9-C8A9019BA1C9}
		{C8364CDC-6973-464B-9C3E-6740EA8AB15F} = {26C967DC-29C7-487B-9584-CC5B42CEE607}
		{E489D80F-DE1B-4DB4-AF7E-AF986DFA62E6} = {26C967DC-29C7-487B-9584-CC5B42CEE607}
	EndGlobalSection
	GlobalSection(ExtensibilityGlobals) = postSolution
		SolutionGuid = {8793A9DA-B32D-4A3F-8C57-4C302ED26704}
	EndGlobalSection
EndGlobal
