
Microsoft Visual Studio Solution File, Format Version 12.00
# Visual Studio Version 17
VisualStudioVersion = 17.4.33205.214
MinimumVisualStudioVersion = 10.0.40219.1
Project("{2150E333-8FDC-42A3-9474-1A3956D46DE8}") = "Solution Items", "Solution Items", "{D8E0655B-87C5-4F20-8A73-EB8B1A7B7866}"
	ProjectSection(SolutionItems) = preProject
		.env = .env
	EndProjectSection
EndProject
Project("{2150E333-8FDC-42A3-9474-1A3956D46DE8}") = "src", "src", "{EB94A139-EC79-4EE3-AEB4-898D8D2764D1}"
EndProject
Project("{2150E333-8FDC-42A3-9474-1A3956D46DE8}") = "Services", "Services", "{0F8B360A-8A81-413A-87F9-A0E091293284}"
EndProject
Project("{2150E333-8FDC-42A3-9474-1A3956D46DE8}") = "ApiGateways", "ApiGateways", "{15CB584C-60F0-4045-A61F-56B41EC0A7EE}"
EndProject
Project("{2150E333-8FDC-42A3-9474-1A3956D46DE8}") = "BuildingBlocks", "BuildingBlocks", "{2EEB5209-3CBA-475D-98A8-CF67C5BCF792}"
EndProject
Project("{2150E333-8FDC-42A3-9474-1A3956D46DE8}") = "Web Apps", "Web Apps", "{CB5635F2-9183-422E-80F0-F5CE3B08E2C0}"
EndProject
Project("{2150E333-8FDC-42A3-9474-1A3956D46DE8}") = "CoreService", "CoreService", "{67023BAF-5072-41E0-AE09-AB43F3DDB9D4}"
EndProject
Project("{2150E333-8FDC-42A3-9474-1A3956D46DE8}") = "ReportService", "ReportService", "{FB6CE787-EB2E-4BE7-892E-30A219FA1363}"
EndProject
Project("{2150E333-8FDC-42A3-9474-1A3956D46DE8}") = "IdentityService", "IdentityService", "{26C967DC-29C7-487B-9584-CC5B42CEE607}"
EndProject
Project("{2150E333-8FDC-42A3-9474-1A3956D46DE8}") = "CatalogService", "CatalogService", "{F92E809A-67C7-494F-A901-9F684E9F2361}"
EndProject
Project("{9A19103F-16F7-4668-BE54-9A1E7A4F7556}") = "CoreService.API", "Services\CoreService\CoreService.API\CoreService.API.csproj", "{B936844B-EB20-4E24-9D59-E771A9D7223C}"
EndProject
Project("{9A19103F-16F7-4668-BE54-9A1E7A4F7556}") = "CatalogService.API", "Services\CatalogService\CatalogService.API\CatalogService.API.csproj", "{021BD795-9E9D-49D3-8B78-CFFFD9876357}"
EndProject
Project("{9A19103F-16F7-4668-BE54-9A1E7A4F7556}") = "ReportService.API", "Services\ReportService\ReportService.API\ReportService.API.csproj", "{60098E1E-19BE-4481-AE8F-E26B8F673DAA}"
EndProject
Project("{E53339B2-1760-4266-BCC7-CA923CBCF16C}") = "docker-compose", "docker-compose.dcproj", "{DFC8CD22-BFCF-436F-B39D-27D312C2CDAB}"
EndProject
Project("{2150E333-8FDC-42A3-9474-1A3956D46DE8}") = "OcelotApiGateway", "OcelotApiGateway", "{F2F0BD24-F202-40CA-85BB-53B7EB94B42A}"
EndProject
Project("{FAE04EC0-301F-11D3-BF4B-00C04F79EFBC}") = "OcelotApiGateway", "ApiGateways\OcelotApiGateway\OcelotApiGateway.csproj", "{1879D15B-02A6-4969-A786-6819628391CF}"
EndProject
Project("{FAE04EC0-301F-11D3-BF4B-00C04F79EFBC}") = "IdentityService.API", "Services\IdentityService\IdentityService.API\IdentityService.API.csproj", "{C8364CDC-6973-464B-9C3E-6740EA8AB15F}"
EndProject
Global
	GlobalSection(SolutionConfigurationPlatforms) = preSolution
		Debug|Any CPU = Debug|Any CPU
		Release|Any CPU = Release|Any CPU
	EndGlobalSection
	GlobalSection(ProjectConfigurationPlatforms) = postSolution
		{B936844B-EB20-4E24-9D59-E771A9D7223C}.Debug|Any CPU.ActiveCfg = Debug|Any CPU
		{B936844B-EB20-4E24-9D59-E771A9D7223C}.Debug|Any CPU.Build.0 = Debug|Any CPU
		{B936844B-EB20-4E24-9D59-E771A9D7223C}.Release|Any CPU.ActiveCfg = Release|Any CPU
		{B936844B-EB20-4E24-9D59-E771A9D7223C}.Release|Any CPU.Build.0 = Release|Any CPU
		{021BD795-9E9D-49D3-8B78-CFFFD9876357}.Debug|Any CPU.ActiveCfg = Debug|Any CPU
		{021BD795-9E9D-49D3-8B78-CFFFD9876357}.Debug|Any CPU.Build.0 = Debug|Any CPU
		{021BD795-9E9D-49D3-8B78-CFFFD9876357}.Release|Any CPU.ActiveCfg = Release|Any CPU
		{021BD795-9E9D-49D3-8B78-CFFFD9876357}.Release|Any CPU.Build.0 = Release|Any CPU
		{60098E1E-19BE-4481-AE8F-E26B8F673DAA}.Debug|Any CPU.ActiveCfg = Debug|Any CPU
		{60098E1E-19BE-4481-AE8F-E26B8F673DAA}.Debug|Any CPU.Build.0 = Debug|Any CPU
		{60098E1E-19BE-4481-AE8F-E26B8F673DAA}.Release|Any CPU.ActiveCfg = Release|Any CPU
		{60098E1E-19BE-4481-AE8F-E26B8F673DAA}.Release|Any CPU.Build.0 = Release|Any CPU
		{DFC8CD22-BFCF-436F-B39D-27D312C2CDAB}.Debug|Any CPU.ActiveCfg = Debug|Any CPU
		{DFC8CD22-BFCF-436F-B39D-27D312C2CDAB}.Debug|Any CPU.Build.0 = Debug|Any CPU
		{DFC8CD22-BFCF-436F-B39D-27D312C2CDAB}.Release|Any CPU.ActiveCfg = Release|Any CPU
		{DFC8CD22-BFCF-436F-B39D-27D312C2CDAB}.Release|Any CPU.Build.0 = Release|Any CPU
		{1879D15B-02A6-4969-A786-6819628391CF}.Debug|Any CPU.ActiveCfg = Debug|Any CPU
		{1879D15B-02A6-4969-A786-6819628391CF}.Debug|Any CPU.Build.0 = Debug|Any CPU
		{1879D15B-02A6-4969-A786-6819628391CF}.Release|Any CPU.ActiveCfg = Release|Any CPU
		{1879D15B-02A6-4969-A786-6819628391CF}.Release|Any CPU.Build.0 = Release|Any CPU
		{C8364CDC-6973-464B-9C3E-6740EA8AB15F}.Debug|Any CPU.ActiveCfg = Debug|Any CPU
		{C8364CDC-6973-464B-9C3E-6740EA8AB15F}.Debug|Any CPU.Build.0 = Debug|Any CPU
		{C8364CDC-6973-464B-9C3E-6740EA8AB15F}.Release|Any CPU.ActiveCfg = Release|Any CPU
		{C8364CDC-6973-464B-9C3E-6740EA8AB15F}.Release|Any CPU.Build.0 = Release|Any CPU
	EndGlobalSection
	GlobalSection(SolutionProperties) = preSolution
		HideSolutionNode = FALSE
	EndGlobalSection
	GlobalSection(NestedProjects) = preSolution
		{0F8B360A-8A81-413A-87F9-A0E091293284} = {EB94A139-EC79-4EE3-AEB4-898D8D2764D1}
		{15CB584C-60F0-4045-A61F-56B41EC0A7EE} = {EB94A139-EC79-4EE3-AEB4-898D8D2764D1}
		{2EEB5209-3CBA-475D-98A8-CF67C5BCF792} = {EB94A139-EC79-4EE3-AEB4-898D8D2764D1}
		{CB5635F2-9183-422E-80F0-F5CE3B08E2C0} = {EB94A139-EC79-4EE3-AEB4-898D8D2764D1}
		{67023BAF-5072-41E0-AE09-AB43F3DDB9D4} = {0F8B360A-8A81-413A-87F9-A0E091293284}
		{FB6CE787-EB2E-4BE7-892E-30A219FA1363} = {0F8B360A-8A81-413A-87F9-A0E091293284}
		{26C967DC-29C7-487B-9584-CC5B42CEE607} = {0F8B360A-8A81-413A-87F9-A0E091293284}
		{F92E809A-67C7-494F-A901-9F684E9F2361} = {0F8B360A-8A81-413A-87F9-A0E091293284}
		{B936844B-EB20-4E24-9D59-E771A9D7223C} = {67023BAF-5072-41E0-AE09-AB43F3DDB9D4}
		{021BD795-9E9D-49D3-8B78-CFFFD9876357} = {F92E809A-67C7-494F-A901-9F684E9F2361}
		{60098E1E-19BE-4481-AE8F-E26B8F673DAA} = {FB6CE787-EB2E-4BE7-892E-30A219FA1363}
		{F2F0BD24-F202-40CA-85BB-53B7EB94B42A} = {15CB584C-60F0-4045-A61F-56B41EC0A7EE}
		{1879D15B-02A6-4969-A786-6819628391CF} = {F2F0BD24-F202-40CA-85BB-53B7EB94B42A}
		{C8364CDC-6973-464B-9C3E-6740EA8AB15F} = {26C967DC-29C7-487B-9584-CC5B42CEE607}
	EndGlobalSection
	GlobalSection(ExtensibilityGlobals) = postSolution
		SolutionGuid = {8793A9DA-B32D-4A3F-8C57-4C302ED26704}
	EndGlobalSection
EndGlobal
